
Microsoft Visual Studio Solution File, Format Version 12.00
# Visual Studio Version 17
VisualStudioVersion = 17.0.31903.59
MinimumVisualStudioVersion = 10.0.40219.1
Project("{FAE04EC0-301F-11D3-BF4B-00C04F79EFBC}") = "taxabooking-svc", "taxabooking-svc\taxabooking-svc.csproj", "{F7FE6B2D-09F8-49D4-9786-F0F3C3F31533}"
EndProject
Project("{FAE04EC0-301F-11D3-BF4B-00C04F79EFBC}") = "taxabooking-svc-test", "taxabooking-svc-test\taxabooking-svc-test.csproj", "{FF4F767D-94D8-4AB6-90DE-D534AC650F0C}"
EndProject
Project("{FAE04EC0-301F-11D3-BF4B-00C04F79EFBC}") = "taxabooking-handler-svc", "taxabooking-handler-svc\taxabooking-handler-svc.csproj", "{2E41033D-6183-404A-B18D-8BE25B720343}"
EndProject
Project("{FAE04EC0-301F-11D3-BF4B-00C04F79EFBC}") = "taxabooking-handler-svc-test", "taxabooking-handler-svc-test\taxabooking-handler-svc-test.csproj", "{13F4FD78-4222-43E8-B5F1-31E8DFD6DBCF}"
EndProject
Global
	GlobalSection(SolutionConfigurationPlatforms) = preSolution
		Debug|Any CPU = Debug|Any CPU
		Release|Any CPU = Release|Any CPU
	EndGlobalSection
	GlobalSection(SolutionProperties) = preSolution
		HideSolutionNode = FALSE
	EndGlobalSection
	GlobalSection(ProjectConfigurationPlatforms) = postSolution
		{F7FE6B2D-09F8-49D4-9786-F0F3C3F31533}.Debug|Any CPU.ActiveCfg = Debug|Any CPU
		{F7FE6B2D-09F8-49D4-9786-F0F3C3F31533}.Debug|Any CPU.Build.0 = Debug|Any CPU
		{F7FE6B2D-09F8-49D4-9786-F0F3C3F31533}.Release|Any CPU.ActiveCfg = Release|Any CPU
		{F7FE6B2D-09F8-49D4-9786-F0F3C3F31533}.Release|Any CPU.Build.0 = Release|Any CPU
		{FF4F767D-94D8-4AB6-90DE-D534AC650F0C}.Debug|Any CPU.ActiveCfg = Debug|Any CPU
		{FF4F767D-94D8-4AB6-90DE-D534AC650F0C}.Debug|Any CPU.Build.0 = Debug|Any CPU
		{FF4F767D-94D8-4AB6-90DE-D534AC650F0C}.Release|Any CPU.ActiveCfg = Release|Any CPU
		{FF4F767D-94D8-4AB6-90DE-D534AC650F0C}.Release|Any CPU.Build.0 = Release|Any CPU
		{2E41033D-6183-404A-B18D-8BE25B720343}.Debug|Any CPU.ActiveCfg = Debug|Any CPU
		{2E41033D-6183-404A-B18D-8BE25B720343}.Debug|Any CPU.Build.0 = Debug|Any CPU
		{2E41033D-6183-404A-B18D-8BE25B720343}.Release|Any CPU.ActiveCfg = Release|Any CPU
		{2E41033D-6183-404A-B18D-8BE25B720343}.Release|Any CPU.Build.0 = Release|Any CPU
		{13F4FD78-4222-43E8-B5F1-31E8DFD6DBCF}.Debug|Any CPU.ActiveCfg = Debug|Any CPU
		{13F4FD78-4222-43E8-B5F1-31E8DFD6DBCF}.Debug|Any CPU.Build.0 = Debug|Any CPU
		{13F4FD78-4222-43E8-B5F1-31E8DFD6DBCF}.Release|Any CPU.ActiveCfg = Release|Any CPU
		{13F4FD78-4222-43E8-B5F1-31E8DFD6DBCF}.Release|Any CPU.Build.0 = Release|Any CPU
	EndGlobalSection
EndGlobal
